
Microsoft Visual Studio Solution File, Format Version 12.00
# Visual Studio Version 16
VisualStudioVersion = 16.0.31005.135
MinimumVisualStudioVersion = 10.0.40219.1
Project("{FAE04EC0-301F-11D3-BF4B-00C04F79EFBC}") = "masodikhet", "masodikhet\masodikhet.csproj", "{62CEA236-C104-48AD-B31A-A37A3D8B3E85}"
EndProject
Global
	GlobalSection(SolutionConfigurationPlatforms) = preSolution
		Debug|Any CPU = Debug|Any CPU
		Release|Any CPU = Release|Any CPU
	EndGlobalSection
	GlobalSection(ProjectConfigurationPlatforms) = postSolution
		{62CEA236-C104-48AD-B31A-A37A3D8B3E85}.Debug|Any CPU.ActiveCfg = Debug|Any CPU
		{62CEA236-C104-48AD-B31A-A37A3D8B3E85}.Debug|Any CPU.Build.0 = Debug|Any CPU
		{62CEA236-C104-48AD-B31A-A37A3D8B3E85}.Release|Any CPU.ActiveCfg = Release|Any CPU
		{62CEA236-C104-48AD-B31A-A37A3D8B3E85}.Release|Any CPU.Build.0 = Release|Any CPU
	EndGlobalSection
	GlobalSection(SolutionProperties) = preSolution
		HideSolutionNode = FALSE
	EndGlobalSection
	GlobalSection(ExtensibilityGlobals) = postSolution
		SolutionGuid = {5F5300B3-8745-431B-A9E6-D3E36BF0DBE9}
	EndGlobalSection
EndGlobal
